
Microsoft Visual Studio Solution File, Format Version 12.00
# Visual Studio Version 17
VisualStudioVersion = 17.9.34616.47
MinimumVisualStudioVersion = 10.0.40219.1
Project("{FAE04EC0-301F-11D3-BF4B-00C04F79EFBC}") = "CSLab08.WpfApp", "CSLab08.WpfApp\CSLab08.WpfApp.csproj", "{B0917CA4-709B-4525-8DE7-FEF2272CA956}"
	ProjectSection(ProjectDependencies) = postProject
		{B96BBEB1-E4A2-4C9D-BE11-7F532EC6931C} = {B96BBEB1-E4A2-4C9D-BE11-7F532EC6931C}
	EndProjectSection
EndProject
Project("{FAE04EC0-301F-11D3-BF4B-00C04F79EFBC}") = "CSLab08.BLL", "CSLab08.BLL\CSLab08.BLL.csproj", "{B96BBEB1-E4A2-4C9D-BE11-7F532EC6931C}"
EndProject
Global
	GlobalSection(SolutionConfigurationPlatforms) = preSolution
		Debug|Any CPU = Debug|Any CPU
		Release|Any CPU = Release|Any CPU
	EndGlobalSection
	GlobalSection(ProjectConfigurationPlatforms) = postSolution
		{B0917CA4-709B-4525-8DE7-FEF2272CA956}.Debug|Any CPU.ActiveCfg = Debug|Any CPU
		{B0917CA4-709B-4525-8DE7-FEF2272CA956}.Debug|Any CPU.Build.0 = Debug|Any CPU
		{B0917CA4-709B-4525-8DE7-FEF2272CA956}.Release|Any CPU.ActiveCfg = Release|Any CPU
		{B0917CA4-709B-4525-8DE7-FEF2272CA956}.Release|Any CPU.Build.0 = Release|Any CPU
		{B96BBEB1-E4A2-4C9D-BE11-7F532EC6931C}.Debug|Any CPU.ActiveCfg = Debug|Any CPU
		{B96BBEB1-E4A2-4C9D-BE11-7F532EC6931C}.Debug|Any CPU.Build.0 = Debug|Any CPU
		{B96BBEB1-E4A2-4C9D-BE11-7F532EC6931C}.Release|Any CPU.ActiveCfg = Release|Any CPU
		{B96BBEB1-E4A2-4C9D-BE11-7F532EC6931C}.Release|Any CPU.Build.0 = Release|Any CPU
	EndGlobalSection
	GlobalSection(SolutionProperties) = preSolution
		HideSolutionNode = FALSE
	EndGlobalSection
	GlobalSection(ExtensibilityGlobals) = postSolution
		SolutionGuid = {5CFE1136-B7EA-47E4-A7B3-10E4AC6C32D9}
	EndGlobalSection
EndGlobal
