
Microsoft Visual Studio Solution File, Format Version 12.00
# Visual Studio Version 17
VisualStudioVersion = 17.9.34616.47
MinimumVisualStudioVersion = 10.0.40219.1
Project("{FAE04EC0-301F-11D3-BF4B-00C04F79EFBC}") = "CSLab01.APP", "CSLab01.APP\CSLab01.APP.csproj", "{509CE6BB-F960-44C3-9D78-56A79E92D0A9}"
EndProject
Global
	GlobalSection(SolutionConfigurationPlatforms) = preSolution
		Debug|Any CPU = Debug|Any CPU
		Release|Any CPU = Release|Any CPU
	EndGlobalSection
	GlobalSection(ProjectConfigurationPlatforms) = postSolution
		{509CE6BB-F960-44C3-9D78-56A79E92D0A9}.Debug|Any CPU.ActiveCfg = Debug|Any CPU
		{509CE6BB-F960-44C3-9D78-56A79E92D0A9}.Debug|Any CPU.Build.0 = Debug|Any CPU
		{509CE6BB-F960-44C3-9D78-56A79E92D0A9}.Release|Any CPU.ActiveCfg = Release|Any CPU
		{509CE6BB-F960-44C3-9D78-56A79E92D0A9}.Release|Any CPU.Build.0 = Release|Any CPU
	EndGlobalSection
	GlobalSection(SolutionProperties) = preSolution
		HideSolutionNode = FALSE
	EndGlobalSection
	GlobalSection(ExtensibilityGlobals) = postSolution
		SolutionGuid = {1B935392-C561-41DA-A360-A98805CA9B92}
	EndGlobalSection
EndGlobal
