
Microsoft Visual Studio Solution File, Format Version 12.00
# Visual Studio Version 17
VisualStudioVersion = 17.9.34616.47
MinimumVisualStudioVersion = 10.0.40219.1
Project("{FAE04EC0-301F-11D3-BF4B-00C04F79EFBC}") = "CSLab02.APP", "CSLab02.APP\CSLab02.APP.csproj", "{55A616B4-735A-48D7-8B1B-1DC017F8F978}"
EndProject
Global
	GlobalSection(SolutionConfigurationPlatforms) = preSolution
		Debug|Any CPU = Debug|Any CPU
		Release|Any CPU = Release|Any CPU
	EndGlobalSection
	GlobalSection(ProjectConfigurationPlatforms) = postSolution
		{55A616B4-735A-48D7-8B1B-1DC017F8F978}.Debug|Any CPU.ActiveCfg = Debug|Any CPU
		{55A616B4-735A-48D7-8B1B-1DC017F8F978}.Debug|Any CPU.Build.0 = Debug|Any CPU
		{55A616B4-735A-48D7-8B1B-1DC017F8F978}.Release|Any CPU.ActiveCfg = Release|Any CPU
		{55A616B4-735A-48D7-8B1B-1DC017F8F978}.Release|Any CPU.Build.0 = Release|Any CPU
	EndGlobalSection
	GlobalSection(SolutionProperties) = preSolution
		HideSolutionNode = FALSE
	EndGlobalSection
	GlobalSection(ExtensibilityGlobals) = postSolution
		SolutionGuid = {1FC7B0A0-0FFB-4896-97FE-5D6750BFCAAE}
	EndGlobalSection
EndGlobal
